
Microsoft Visual Studio Solution File, Format Version 12.00
# Visual Studio Version 17
VisualStudioVersion = 17.0.31903.59
MinimumVisualStudioVersion = 10.0.40219.1
Project("{FAE04EC0-301F-11D3-BF4B-00C04F79EFBC}") = "ScreenTranslator", "App\ScreenTranslator.csproj", "{CF7D19F2-EE3D-4CF9-8B23-94193050B081}"
EndProject
Project("{2150E333-8FDC-42A3-9474-1A3956D46DE8}") = "Tests", "Tests", "{0AB3BF05-4346-4AA6-1389-037BE0695223}"
EndProject
Project("{FAE04EC0-301F-11D3-BF4B-00C04F79EFBC}") = "ScreenTranslator.Tests", "Tests\ScreenTranslator.Tests.csproj", "{80703B24-53D9-4357-9404-A9A2880E13EF}"
EndProject
Project("{2150E333-8FDC-42A3-9474-1A3956D46DE8}") = "App", "App", "{F95F473B-E98A-ACD6-1986-755F447BE36F}"
EndProject
Global
	GlobalSection(SolutionConfigurationPlatforms) = preSolution
		Debug|Any CPU = Debug|Any CPU
		Debug|x64 = Debug|x64
		Debug|x86 = Debug|x86
		Release|Any CPU = Release|Any CPU
		Release|x64 = Release|x64
		Release|x86 = Release|x86
	EndGlobalSection
	GlobalSection(ProjectConfigurationPlatforms) = postSolution
		{CF7D19F2-EE3D-4CF9-8B23-94193050B081}.Debug|Any CPU.ActiveCfg = Debug|Any CPU
		{CF7D19F2-EE3D-4CF9-8B23-94193050B081}.Debug|Any CPU.Build.0 = Debug|Any CPU
		{CF7D19F2-EE3D-4CF9-8B23-94193050B081}.Debug|x64.ActiveCfg = Debug|Any CPU
		{CF7D19F2-EE3D-4CF9-8B23-94193050B081}.Debug|x64.Build.0 = Debug|Any CPU
		{CF7D19F2-EE3D-4CF9-8B23-94193050B081}.Debug|x86.ActiveCfg = Debug|Any CPU
		{CF7D19F2-EE3D-4CF9-8B23-94193050B081}.Debug|x86.Build.0 = Debug|Any CPU
		{CF7D19F2-EE3D-4CF9-8B23-94193050B081}.Release|Any CPU.ActiveCfg = Release|Any CPU
		{CF7D19F2-EE3D-4CF9-8B23-94193050B081}.Release|Any CPU.Build.0 = Release|Any CPU
		{CF7D19F2-EE3D-4CF9-8B23-94193050B081}.Release|x64.ActiveCfg = Release|Any CPU
		{CF7D19F2-EE3D-4CF9-8B23-94193050B081}.Release|x64.Build.0 = Release|Any CPU
		{CF7D19F2-EE3D-4CF9-8B23-94193050B081}.Release|x86.ActiveCfg = Release|Any CPU
		{CF7D19F2-EE3D-4CF9-8B23-94193050B081}.Release|x86.Build.0 = Release|Any CPU
		{80703B24-53D9-4357-9404-A9A2880E13EF}.Debug|Any CPU.ActiveCfg = Debug|Any CPU
		{80703B24-53D9-4357-9404-A9A2880E13EF}.Debug|Any CPU.Build.0 = Debug|Any CPU
		{80703B24-53D9-4357-9404-A9A2880E13EF}.Debug|x64.ActiveCfg = Debug|Any CPU
		{80703B24-53D9-4357-9404-A9A2880E13EF}.Debug|x64.Build.0 = Debug|Any CPU
		{80703B24-53D9-4357-9404-A9A2880E13EF}.Debug|x86.ActiveCfg = Debug|Any CPU
		{80703B24-53D9-4357-9404-A9A2880E13EF}.Debug|x86.Build.0 = Debug|Any CPU
		{80703B24-53D9-4357-9404-A9A2880E13EF}.Release|Any CPU.ActiveCfg = Release|Any CPU
		{80703B24-53D9-4357-9404-A9A2880E13EF}.Release|Any CPU.Build.0 = Release|Any CPU
		{80703B24-53D9-4357-9404-A9A2880E13EF}.Release|x64.ActiveCfg = Release|Any CPU
		{80703B24-53D9-4357-9404-A9A2880E13EF}.Release|x64.Build.0 = Release|Any CPU
		{80703B24-53D9-4357-9404-A9A2880E13EF}.Release|x86.ActiveCfg = Release|Any CPU
		{80703B24-53D9-4357-9404-A9A2880E13EF}.Release|x86.Build.0 = Release|Any CPU
	EndGlobalSection
	GlobalSection(SolutionProperties) = preSolution
		HideSolutionNode = FALSE
	EndGlobalSection
	GlobalSection(NestedProjects) = preSolution
		{80703B24-53D9-4357-9404-A9A2880E13EF} = {0AB3BF05-4346-4AA6-1389-037BE0695223}
	EndGlobalSection
EndGlobal
